
Microsoft Visual Studio Solution File, Format Version 12.00
# Visual Studio Version 16
VisualStudioVersion = 16.0.29905.134
MinimumVisualStudioVersion = 10.0.40219.1
Project("{FAE04EC0-301F-11D3-BF4B-00C04F79EFBC}") = "CalculatorRun", "CalculatorRun.csproj", "{5136C0D8-ED61-487E-88D0-6BDEA60AB259}"
EndProject
Global
	GlobalSection(SolutionConfigurationPlatforms) = preSolution
		Debug|Any CPU = Debug|Any CPU
		Release|Any CPU = Release|Any CPU
	EndGlobalSection
	GlobalSection(ProjectConfigurationPlatforms) = postSolution
		{5136C0D8-ED61-487E-88D0-6BDEA60AB259}.Debug|Any CPU.ActiveCfg = Debug|Any CPU
		{5136C0D8-ED61-487E-88D0-6BDEA60AB259}.Debug|Any CPU.Build.0 = Debug|Any CPU
		{5136C0D8-ED61-487E-88D0-6BDEA60AB259}.Release|Any CPU.ActiveCfg = Release|Any CPU
		{5136C0D8-ED61-487E-88D0-6BDEA60AB259}.Release|Any CPU.Build.0 = Release|Any CPU
	EndGlobalSection
	GlobalSection(SolutionProperties) = preSolution
		HideSolutionNode = FALSE
	EndGlobalSection
	GlobalSection(ExtensibilityGlobals) = postSolution
		SolutionGuid = {D23805B0-1EA3-43F4-8A86-59DD257CC0F8}
	EndGlobalSection
EndGlobal
